
Microsoft Visual Studio Solution File, Format Version 9.00
# Visual Studio 2005
Project("{FAE04EC0-301F-11D3-BF4B-00C04F79EFBC}") = "Amazon.WebServices.MechanicalTurk", "..\Amazon.WebServices.MechanicalTurk\Amazon.WebServices.MechanicalTurk.csproj", "{41A1DA7C-40C1-4D44-9CB8-B6827E28BCC3}"
	ProjectSection(WebsiteProperties) = preProject
		Debug.AspNetCompiler.Debug = "True"
		Release.AspNetCompiler.Debug = "False"
	EndProjectSection
EndProject
Project("{FAE04EC0-301F-11D3-BF4B-00C04F79EFBC}") = "Amazon.WebServices.MechanicalTurk.Test", "..\Amazon.WebServices.MechanicalTurk.Test\Amazon.WebServices.MechanicalTurk.Test.csproj", "{8A805843-8FAF-4E7C-A443-0D27E23CEBE8}"
	ProjectSection(WebsiteProperties) = preProject
		Debug.AspNetCompiler.Debug = "True"
		Release.AspNetCompiler.Debug = "False"
	EndProjectSection
EndProject
Project("{FAE04EC0-301F-11D3-BF4B-00C04F79EFBC}") = "Amazon.WebServices.MechanicalTurk.Domain", "..\Amazon.WebServices.MechanicalTurk.Domain\Amazon.WebServices.MechanicalTurk.Domain.csproj", "{F260F434-6789-4E55-8548-E9F477E8A0E5}"
	ProjectSection(WebsiteProperties) = preProject
		Debug.AspNetCompiler.Debug = "True"
		Release.AspNetCompiler.Debug = "False"
	EndProjectSection
EndProject
Project("{FAE04EC0-301F-11D3-BF4B-00C04F79EFBC}") = "CreateHitUI", "..\Samples\CreateHitUI\CreateHitUI.csproj", "{7CE19C66-E56E-4E44-B2AE-4A535325B8DA}"
	ProjectSection(WebsiteProperties) = preProject
		Debug.AspNetCompiler.Debug = "True"
		Release.AspNetCompiler.Debug = "False"
	EndProjectSection
EndProject
Project("{FAE04EC0-301F-11D3-BF4B-00C04F79EFBC}") = "HelloWorld", "..\Samples\HelloWorld\HelloWorld.csproj", "{37507DD6-6FF4-4A2F-8E94-B8715FEBD406}"
	ProjectSection(WebsiteProperties) = preProject
		Debug.AspNetCompiler.Debug = "True"
		Release.AspNetCompiler.Debug = "False"
	EndProjectSection
EndProject
Project("{FAE04EC0-301F-11D3-BF4B-00C04F79EFBC}") = "SimpleSurvey", "..\Samples\SimpleSurvey\SimpleSurvey.csproj", "{24D1EC75-29E9-4539-912D-044A6A44EF6E}"
	ProjectSection(WebsiteProperties) = preProject
		Debug.AspNetCompiler.Debug = "True"
		Release.AspNetCompiler.Debug = "False"
	EndProjectSection
EndProject
Project("{FAE04EC0-301F-11D3-BF4B-00C04F79EFBC}") = "BestImage", "..\Samples\BestImage\BestImage.csproj", "{9322ABA0-C8CA-488D-935E-4C8662C0A749}"
	ProjectSection(WebsiteProperties) = preProject
		Debug.AspNetCompiler.Debug = "True"
		Release.AspNetCompiler.Debug = "False"
	EndProjectSection
EndProject
Project("{FAE04EC0-301F-11D3-BF4B-00C04F79EFBC}") = "Reviewer", "..\Samples\Reviewer\Reviewer.csproj", "{471B40BB-0EB0-4A97-8A70-80639BA875D7}"
	ProjectSection(WebsiteProperties) = preProject
		Debug.AspNetCompiler.Debug = "True"
		Release.AspNetCompiler.Debug = "False"
	EndProjectSection
EndProject
Project("{FAE04EC0-301F-11D3-BF4B-00C04F79EFBC}") = "SiteCategory", "..\Samples\SiteCategory\SiteCategory.csproj", "{C17220CC-B52D-4C7D-BEC7-2C1A8D506623}"
	ProjectSection(WebsiteProperties) = preProject
		Debug.AspNetCompiler.Debug = "True"
		Release.AspNetCompiler.Debug = "False"
	EndProjectSection
EndProject
Project("{FAE04EC0-301F-11D3-BF4B-00C04F79EFBC}") = "HitReport", "..\Samples\HitReport\HitReport.csproj", "{38865AFA-CD77-4B01-AED9-34E4B7728EE8}"
	ProjectSection(WebsiteProperties) = preProject
		Debug.AspNetCompiler.Debug = "True"
		Release.AspNetCompiler.Debug = "False"
	EndProjectSection
EndProject
Project("{54435603-DBB4-11D2-8724-00A0C9A8B90C}") = "Amazon.WebServices.MechanicalTurk.Setup", "Amazon.WebServices.MechanicalTurk.Setup\Amazon.WebServices.MechanicalTurk.Setup.vdproj", "{A3E5CD05-7568-40FB-87EE-9A8A2C79F8D5}"
	ProjectSection(WebsiteProperties) = preProject
		Debug.AspNetCompiler.Debug = "True"
		Release.AspNetCompiler.Debug = "False"
	EndProjectSection
EndProject
Project("{FAE04EC0-301F-11D3-BF4B-00C04F79EFBC}") = "Amazon.WebServices.MechanicalTurk.Setup.CustomActions", "Amazon.WebServices.MechanicalTurk.Setup.CustomActions\Amazon.WebServices.MechanicalTurk.Setup.CustomActions.csproj", "{45F2A7DE-F0A2-4055-BFE7-100CD8E3D64C}"
	ProjectSection(WebsiteProperties) = preProject
		Debug.AspNetCompiler.Debug = "True"
		Release.AspNetCompiler.Debug = "False"
	EndProjectSection
EndProject
Global
	GlobalSection(SolutionConfigurationPlatforms) = preSolution
		Debug|Any CPU = Debug|Any CPU
		Release|Any CPU = Release|Any CPU
	EndGlobalSection
	GlobalSection(ProjectConfigurationPlatforms) = postSolution
		{41A1DA7C-40C1-4D44-9CB8-B6827E28BCC3}.Debug|Any CPU.ActiveCfg = Debug|Any CPU
		{41A1DA7C-40C1-4D44-9CB8-B6827E28BCC3}.Debug|Any CPU.Build.0 = Debug|Any CPU
		{41A1DA7C-40C1-4D44-9CB8-B6827E28BCC3}.Release|Any CPU.ActiveCfg = Release|Any CPU
		{41A1DA7C-40C1-4D44-9CB8-B6827E28BCC3}.Release|Any CPU.Build.0 = Release|Any CPU
		{8A805843-8FAF-4E7C-A443-0D27E23CEBE8}.Debug|Any CPU.ActiveCfg = Debug|Any CPU
		{8A805843-8FAF-4E7C-A443-0D27E23CEBE8}.Debug|Any CPU.Build.0 = Debug|Any CPU
		{8A805843-8FAF-4E7C-A443-0D27E23CEBE8}.Release|Any CPU.ActiveCfg = Release|Any CPU
		{8A805843-8FAF-4E7C-A443-0D27E23CEBE8}.Release|Any CPU.Build.0 = Release|Any CPU
		{F260F434-6789-4E55-8548-E9F477E8A0E5}.Debug|Any CPU.ActiveCfg = Debug|Any CPU
		{F260F434-6789-4E55-8548-E9F477E8A0E5}.Debug|Any CPU.Build.0 = Debug|Any CPU
		{F260F434-6789-4E55-8548-E9F477E8A0E5}.Release|Any CPU.ActiveCfg = Release|Any CPU
		{F260F434-6789-4E55-8548-E9F477E8A0E5}.Release|Any CPU.Build.0 = Release|Any CPU
		{7CE19C66-E56E-4E44-B2AE-4A535325B8DA}.Debug|Any CPU.ActiveCfg = Debug|Any CPU
		{7CE19C66-E56E-4E44-B2AE-4A535325B8DA}.Debug|Any CPU.Build.0 = Debug|Any CPU
		{7CE19C66-E56E-4E44-B2AE-4A535325B8DA}.Release|Any CPU.ActiveCfg = Release|Any CPU
		{7CE19C66-E56E-4E44-B2AE-4A535325B8DA}.Release|Any CPU.Build.0 = Release|Any CPU
		{37507DD6-6FF4-4A2F-8E94-B8715FEBD406}.Debug|Any CPU.ActiveCfg = Debug|Any CPU
		{37507DD6-6FF4-4A2F-8E94-B8715FEBD406}.Debug|Any CPU.Build.0 = Debug|Any CPU
		{37507DD6-6FF4-4A2F-8E94-B8715FEBD406}.Release|Any CPU.ActiveCfg = Release|Any CPU
		{37507DD6-6FF4-4A2F-8E94-B8715FEBD406}.Release|Any CPU.Build.0 = Release|Any CPU
		{24D1EC75-29E9-4539-912D-044A6A44EF6E}.Debug|Any CPU.ActiveCfg = Debug|Any CPU
		{24D1EC75-29E9-4539-912D-044A6A44EF6E}.Debug|Any CPU.Build.0 = Debug|Any CPU
		{24D1EC75-29E9-4539-912D-044A6A44EF6E}.Release|Any CPU.ActiveCfg = Release|Any CPU
		{24D1EC75-29E9-4539-912D-044A6A44EF6E}.Release|Any CPU.Build.0 = Release|Any CPU
		{9322ABA0-C8CA-488D-935E-4C8662C0A749}.Debug|Any CPU.ActiveCfg = Debug|Any CPU
		{9322ABA0-C8CA-488D-935E-4C8662C0A749}.Debug|Any CPU.Build.0 = Debug|Any CPU
		{9322ABA0-C8CA-488D-935E-4C8662C0A749}.Release|Any CPU.ActiveCfg = Release|Any CPU
		{9322ABA0-C8CA-488D-935E-4C8662C0A749}.Release|Any CPU.Build.0 = Release|Any CPU
		{471B40BB-0EB0-4A97-8A70-80639BA875D7}.Debug|Any CPU.ActiveCfg = Debug|Any CPU
		{471B40BB-0EB0-4A97-8A70-80639BA875D7}.Debug|Any CPU.Build.0 = Debug|Any CPU
		{471B40BB-0EB0-4A97-8A70-80639BA875D7}.Release|Any CPU.ActiveCfg = Release|Any CPU
		{471B40BB-0EB0-4A97-8A70-80639BA875D7}.Release|Any CPU.Build.0 = Release|Any CPU
		{C17220CC-B52D-4C7D-BEC7-2C1A8D506623}.Debug|Any CPU.ActiveCfg = Debug|Any CPU
		{C17220CC-B52D-4C7D-BEC7-2C1A8D506623}.Debug|Any CPU.Build.0 = Debug|Any CPU
		{C17220CC-B52D-4C7D-BEC7-2C1A8D506623}.Release|Any CPU.ActiveCfg = Release|Any CPU
		{C17220CC-B52D-4C7D-BEC7-2C1A8D506623}.Release|Any CPU.Build.0 = Release|Any CPU
		{38865AFA-CD77-4B01-AED9-34E4B7728EE8}.Debug|Any CPU.ActiveCfg = Debug|Any CPU
		{38865AFA-CD77-4B01-AED9-34E4B7728EE8}.Debug|Any CPU.Build.0 = Debug|Any CPU
		{38865AFA-CD77-4B01-AED9-34E4B7728EE8}.Release|Any CPU.ActiveCfg = Release|Any CPU
		{38865AFA-CD77-4B01-AED9-34E4B7728EE8}.Release|Any CPU.Build.0 = Release|Any CPU
		{A3E5CD05-7568-40FB-87EE-9A8A2C79F8D5}.Debug|Any CPU.ActiveCfg = Debug
		{A3E5CD05-7568-40FB-87EE-9A8A2C79F8D5}.Debug|Any CPU.Build.0 = Debug
		{A3E5CD05-7568-40FB-87EE-9A8A2C79F8D5}.Release|Any CPU.ActiveCfg = Release
		{A3E5CD05-7568-40FB-87EE-9A8A2C79F8D5}.Release|Any CPU.Build.0 = Release
		{45F2A7DE-F0A2-4055-BFE7-100CD8E3D64C}.Debug|Any CPU.ActiveCfg = Debug|Any CPU
		{45F2A7DE-F0A2-4055-BFE7-100CD8E3D64C}.Debug|Any CPU.Build.0 = Debug|Any CPU
		{45F2A7DE-F0A2-4055-BFE7-100CD8E3D64C}.Release|Any CPU.ActiveCfg = Release|Any CPU
		{45F2A7DE-F0A2-4055-BFE7-100CD8E3D64C}.Release|Any CPU.Build.0 = Release|Any CPU
	EndGlobalSection
	GlobalSection(SolutionProperties) = preSolution
		HideSolutionNode = FALSE
	EndGlobalSection
EndGlobal
